
Microsoft Visual Studio Solution File, Format Version 12.00
# Visual Studio Version 17
VisualStudioVersion = 17.14.37027.9 d17.14
MinimumVisualStudioVersion = 10.0.40219.1
Project("{FAE04EC0-301F-11D3-BF4B-00C04F79EFBC}") = "CamerinoApp", "CamerinoApp\CamerinoApp.csproj", "{9DD1EC4A-3D56-4DAB-9C0C-7A27A74A42AD}"
EndProject
Global
	GlobalSection(SolutionConfigurationPlatforms) = preSolution
		Debug|Any CPU = Debug|Any CPU
		Release|Any CPU = Release|Any CPU
	EndGlobalSection
	GlobalSection(ProjectConfigurationPlatforms) = postSolution
		{9DD1EC4A-3D56-4DAB-9C0C-7A27A74A42AD}.Debug|Any CPU.ActiveCfg = Debug|Any CPU
		{9DD1EC4A-3D56-4DAB-9C0C-7A27A74A42AD}.Debug|Any CPU.Build.0 = Debug|Any CPU
		{9DD1EC4A-3D56-4DAB-9C0C-7A27A74A42AD}.Debug|Any CPU.Deploy.0 = Debug|Any CPU
		{9DD1EC4A-3D56-4DAB-9C0C-7A27A74A42AD}.Release|Any CPU.ActiveCfg = Release|Any CPU
		{9DD1EC4A-3D56-4DAB-9C0C-7A27A74A42AD}.Release|Any CPU.Build.0 = Release|Any CPU
		{9DD1EC4A-3D56-4DAB-9C0C-7A27A74A42AD}.Release|Any CPU.Deploy.0 = Release|Any CPU
	EndGlobalSection
	GlobalSection(SolutionProperties) = preSolution
		HideSolutionNode = FALSE
	EndGlobalSection
	GlobalSection(ExtensibilityGlobals) = postSolution
		SolutionGuid = {C0382B4E-23FA-4472-ABC8-A018FA28F187}
	EndGlobalSection
EndGlobal
